// !$*UTF8*$!
{
	archiveVersion = 1;
	classes = {
	};
	objectVersion = 50;
	objects = {

/* Begin PBXBuildFile section */
		2D0341E020D88830008A2B21 /* Stripe.framework in Frameworks */ = {isa = PBXBuildFile; fileRef = 2D0341DF20D88830008A2B21 /* Stripe.framework */; };
		2D0341E220D88835008A2B21 /* StoreKit.framework in Frameworks */ = {isa = PBXBuildFile; fileRef = 2D0341E120D88835008A2B21 /* StoreKit.framework */; };
		2D19757520D86481005512BD /* AppDelegate.swift in Sources */ = {isa = PBXBuildFile; fileRef = 2D19757420D86481005512BD /* AppDelegate.swift */; };
		2D19757C20D86483005512BD /* Assets.xcassets in Resources */ = {isa = PBXBuildFile; fileRef = 2D19757B20D86483005512BD /* Assets.xcassets */; };
		2D19757F20D86483005512BD /* LaunchScreen.storyboard in Resources */ = {isa = PBXBuildFile; fileRef = 2D19757D20D86483005512BD /* LaunchScreen.storyboard */; };
		2D19758A20D86483005512BD /* MoniTests.swift in Sources */ = {isa = PBXBuildFile; fileRef = 2D19758920D86483005512BD /* MoniTests.swift */; };
		2D19759520D86483005512BD /* MoniUITests.swift in Sources */ = {isa = PBXBuildFile; fileRef = 2D19759420D86483005512BD /* MoniUITests.swift */; };
		2D1975AC20D865FD005512BD /* CardsRepository.swift in Sources */ = {isa = PBXBuildFile; fileRef = 2D1975AB20D865FD005512BD /* CardsRepository.swift */; };
		2D1975B520D86657005512BD /* CardsViewController.swift in Sources */ = {isa = PBXBuildFile; fileRef = 2D1975B420D86657005512BD /* CardsViewController.swift */; };
		2D1975B720D86660005512BD /* CardsViewController+Layout.swift in Sources */ = {isa = PBXBuildFile; fileRef = 2D1975B620D86660005512BD /* CardsViewController+Layout.swift */; };
		2D1975B920D8666C005512BD /* CardsPresenter.swift in Sources */ = {isa = PBXBuildFile; fileRef = 2D1975B820D8666C005512BD /* CardsPresenter.swift */; };
		2D1975BB20D86676005512BD /* CardsPresenterContract.swift in Sources */ = {isa = PBXBuildFile; fileRef = 2D1975BA20D86676005512BD /* CardsPresenterContract.swift */; };
		2D1975BD20D86681005512BD /* CardsInteractor.swift in Sources */ = {isa = PBXBuildFile; fileRef = 2D1975BC20D86681005512BD /* CardsInteractor.swift */; };
		2D1975BF20D8668B005512BD /* CardsInteractorContract.swift in Sources */ = {isa = PBXBuildFile; fileRef = 2D1975BE20D8668B005512BD /* CardsInteractorContract.swift */; };
		2D1975C120D86694005512BD /* CardsRouter.swift in Sources */ = {isa = PBXBuildFile; fileRef = 2D1975C020D86694005512BD /* CardsRouter.swift */; };
		2D1975C320D8669B005512BD /* CardsRouterContract.swift in Sources */ = {isa = PBXBuildFile; fileRef = 2D1975C220D8669B005512BD /* CardsRouterContract.swift */; };
		2D1975C620D866B7005512BD /* CardCollectionViewCell.swift in Sources */ = {isa = PBXBuildFile; fileRef = 2D1975C520D866B7005512BD /* CardCollectionViewCell.swift */; };
		2D1975C820D866C7005512BD /* MoneyToPayRouter.swift in Sources */ = {isa = PBXBuildFile; fileRef = 2D1975C720D866C7005512BD /* MoneyToPayRouter.swift */; };
		2D1975CA20D866CE005512BD /* MoneyToPayRouterContract.swift in Sources */ = {isa = PBXBuildFile; fileRef = 2D1975C920D866CE005512BD /* MoneyToPayRouterContract.swift */; };
		2D1975CC20D866D9005512BD /* MoneyToPayInteractor.swift in Sources */ = {isa = PBXBuildFile; fileRef = 2D1975CB20D866D9005512BD /* MoneyToPayInteractor.swift */; };
		2D1975CE20D866E0005512BD /* MoneyToPayInteractorContract.swift in Sources */ = {isa = PBXBuildFile; fileRef = 2D1975CD20D866E0005512BD /* MoneyToPayInteractorContract.swift */; };
		2D1975D020D866E9005512BD /* MoneyToPayPresenter.swift in Sources */ = {isa = PBXBuildFile; fileRef = 2D1975CF20D866E9005512BD /* MoneyToPayPresenter.swift */; };
		2D1975D220D866F4005512BD /* MoneyToPayPresenterContract.swift in Sources */ = {isa = PBXBuildFile; fileRef = 2D1975D120D866F4005512BD /* MoneyToPayPresenterContract.swift */; };
		2D1975D420D866FF005512BD /* MoneyToPayViewController.swift in Sources */ = {isa = PBXBuildFile; fileRef = 2D1975D320D866FF005512BD /* MoneyToPayViewController.swift */; };
		2D1975D620D86706005512BD /* MoneyToPayViewController+Layout.swift in Sources */ = {isa = PBXBuildFile; fileRef = 2D1975D520D86706005512BD /* MoneyToPayViewController+Layout.swift */; };
		2D1975DD20D8676B005512BD /* AddCardViewController.swift in Sources */ = {isa = PBXBuildFile; fileRef = 2D1975DC20D8676B005512BD /* AddCardViewController.swift */; };
		2D1975DF20D86773005512BD /* AddCardViewController+Layout.swift in Sources */ = {isa = PBXBuildFile; fileRef = 2D1975DE20D86773005512BD /* AddCardViewController+Layout.swift */; };
		2D1975E120D8677D005512BD /* AddCardPresenter.swift in Sources */ = {isa = PBXBuildFile; fileRef = 2D1975E020D8677D005512BD /* AddCardPresenter.swift */; };
		2D1975E320D86787005512BD /* AddCardPresenterContract.swift in Sources */ = {isa = PBXBuildFile; fileRef = 2D1975E220D86787005512BD /* AddCardPresenterContract.swift */; };
		2D1975E520D86793005512BD /* AddCardInteractor.swift in Sources */ = {isa = PBXBuildFile; fileRef = 2D1975E420D86793005512BD /* AddCardInteractor.swift */; };
		2D1975E720D8679A005512BD /* AddCardInteractorContract.swift in Sources */ = {isa = PBXBuildFile; fileRef = 2D1975E620D8679A005512BD /* AddCardInteractorContract.swift */; };
		2D1975E920D867A5005512BD /* AddCardRouter.swift in Sources */ = {isa = PBXBuildFile; fileRef = 2D1975E820D867A5005512BD /* AddCardRouter.swift */; };
		2D1975EB20D867AB005512BD /* AddCardRouterContract.swift in Sources */ = {isa = PBXBuildFile; fileRef = 2D1975EA20D867AB005512BD /* AddCardRouterContract.swift */; };
		2D1975ED20D867B5005512BD /* AddCardConfigurator.swift in Sources */ = {isa = PBXBuildFile; fileRef = 2D1975EC20D867B5005512BD /* AddCardConfigurator.swift */; };
		2D1975EF20D867C6005512BD /* MoneyToPayConfigurator.swift in Sources */ = {isa = PBXBuildFile; fileRef = 2D1975EE20D867C6005512BD /* MoneyToPayConfigurator.swift */; };
		2D1975F120D867DE005512BD /* CardsConfigurator.swift in Sources */ = {isa = PBXBuildFile; fileRef = 2D1975F020D867DE005512BD /* CardsConfigurator.swift */; };
		2D1975F320D87B6C005512BD /* CardsViewContract.swift in Sources */ = {isa = PBXBuildFile; fileRef = 2D1975F220D87B6C005512BD /* CardsViewContract.swift */; };
		2D1975F520D87C34005512BD /* AddCardViewContract.swift in Sources */ = {isa = PBXBuildFile; fileRef = 2D1975F420D87C34005512BD /* AddCardViewContract.swift */; };
		2D1975F720D87DE1005512BD /* MoneyToPayViewContract.swift in Sources */ = {isa = PBXBuildFile; fileRef = 2D1975F620D87DE1005512BD /* MoneyToPayViewContract.swift */; };
		2D1975FB20D87F24005512BD /* RootPresenterContract.swift in Sources */ = {isa = PBXBuildFile; fileRef = 2D1975FA20D87F24005512BD /* RootPresenterContract.swift */; };
		2D1975FD20D87F2C005512BD /* RootPresenter.swift in Sources */ = {isa = PBXBuildFile; fileRef = 2D1975FC20D87F2C005512BD /* RootPresenter.swift */; };
		2D64B10720DC33770033880A /* CardsRepositoryContract.swift in Sources */ = {isa = PBXBuildFile; fileRef = 2D64B10620DC33770033880A /* CardsRepositoryContract.swift */; };
		2D64B10920DC39810033880A /* UIImages.swift in Sources */ = {isa = PBXBuildFile; fileRef = 2D64B10820DC39810033880A /* UIImages.swift */; };
		2D6C3E2F20D9A0880047113F /* Colors.swift in Sources */ = {isa = PBXBuildFile; fileRef = 2D6C3E2C20D9A0870047113F /* Colors.swift */; };
		2D6C3E3020D9A0880047113F /* Views.swift in Sources */ = {isa = PBXBuildFile; fileRef = 2D6C3E2D20D9A0870047113F /* Views.swift */; };
		2D6C3E3120D9A0880047113F /* Fonts.swift in Sources */ = {isa = PBXBuildFile; fileRef = 2D6C3E2E20D9A0880047113F /* Fonts.swift */; };
		2D6C3E4C20D9A0B20047113F /* SFCompactText-Light.otf in Resources */ = {isa = PBXBuildFile; fileRef = 2D6C3E3720D9A0B10047113F /* SFCompactText-Light.otf */; };
		2D6C3E4E20D9A0B20047113F /* SFCompactText-Regular.otf in Resources */ = {isa = PBXBuildFile; fileRef = 2D6C3E3920D9A0B10047113F /* SFCompactText-Regular.otf */; };
		2D6C3E5120D9A0B20047113F /* SFCompactText-Bold.otf in Resources */ = {isa = PBXBuildFile; fileRef = 2D6C3E3C20D9A0B20047113F /* SFCompactText-Bold.otf */; };
		2D6C3E5B20D9A0B20047113F /* SFCompactText-Heavy.otf in Resources */ = {isa = PBXBuildFile; fileRef = 2D6C3E4620D9A0B20047113F /* SFCompactText-Heavy.otf */; };
		2D6C3E5F20D9A1F10047113F /* Card.swift in Sources */ = {isa = PBXBuildFile; fileRef = 2D6C3E5E20D9A1F10047113F /* Card.swift */; };
		2DDE554520E1B1B0005ED7FD /* 1024Icon.png in Resources */ = {isa = PBXBuildFile; fileRef = 2DDE554420E1B1AF005ED7FD /* 1024Icon.png */; };
		5CE641F2216B9D6700C62D9B /* CardsPresenterTest.swift in Sources */ = {isa = PBXBuildFile; fileRef = 5CE641F1216B9D6700C62D9B /* CardsPresenterTest.swift */; };
		5CE641F5216B9F9600C62D9B /* MockitCardsRouter.swift in Sources */ = {isa = PBXBuildFile; fileRef = 5CE641F4216B9F9600C62D9B /* MockitCardsRouter.swift */; };
		5CE641F7216BA02400C62D9B /* MockitCardsInteractor.swift in Sources */ = {isa = PBXBuildFile; fileRef = 5CE641F6216BA02400C62D9B /* MockitCardsInteractor.swift */; };
		5CE641F9216BA1AC00C62D9B /* MockitCardsView.swift in Sources */ = {isa = PBXBuildFile; fileRef = 5CE641F8216BA1AC00C62D9B /* MockitCardsView.swift */; };
		CC04F47D6FE2F6714A18E9BD /* Pods_Moni.framework in Frameworks */ = {isa = PBXBuildFile; fileRef = 663248890929A281B7332E7F /* Pods_Moni.framework */; };
		DF8BAB8EEE3D225775323988 /* Pods_MoniTests.framework in Frameworks */ = {isa = PBXBuildFile; fileRef = C06A12FC8BE3731CFB65A4AC /* Pods_MoniTests.framework */; };
/* End PBXBuildFile section */

/* Begin PBXContainerItemProxy section */
		2D19758620D86483005512BD /* PBXContainerItemProxy */ = {
			isa = PBXContainerItemProxy;
			containerPortal = 2D19756920D86481005512BD /* Project object */;
			proxyType = 1;
			remoteGlobalIDString = 2D19757020D86481005512BD;
			remoteInfo = Moni;
		};
		2D19759120D86483005512BD /* PBXContainerItemProxy */ = {
			isa = PBXContainerItemProxy;
			containerPortal = 2D19756920D86481005512BD /* Project object */;
			proxyType = 1;
			remoteGlobalIDString = 2D19757020D86481005512BD;
			remoteInfo = Moni;
		};
/* End PBXContainerItemProxy section */

/* Begin PBXFileReference section */
		12885D46C3923F57317973A8 /* Pods-MoniTests.debug.xcconfig */ = {isa = PBXFileReference; includeInIndex = 1; lastKnownFileType = text.xcconfig; name = "Pods-MoniTests.debug.xcconfig"; path = "Pods/Target Support Files/Pods-MoniTests/Pods-MoniTests.debug.xcconfig"; sourceTree = "<group>"; };
		2D0341DF20D88830008A2B21 /* Stripe.framework */ = {isa = PBXFileReference; explicitFileType = wrapper.framework; path = Stripe.framework; sourceTree = BUILT_PRODUCTS_DIR; };
		2D0341E120D88835008A2B21 /* StoreKit.framework */ = {isa = PBXFileReference; lastKnownFileType = wrapper.framework; name = StoreKit.framework; path = System/Library/Frameworks/StoreKit.framework; sourceTree = SDKROOT; };
		2D19757120D86481005512BD /* Moni.app */ = {isa = PBXFileReference; explicitFileType = wrapper.application; includeInIndex = 0; path = Moni.app; sourceTree = BUILT_PRODUCTS_DIR; };
		2D19757420D86481005512BD /* AppDelegate.swift */ = {isa = PBXFileReference; lastKnownFileType = sourcecode.swift; path = AppDelegate.swift; sourceTree = "<group>"; };
		2D19757B20D86483005512BD /* Assets.xcassets */ = {isa = PBXFileReference; lastKnownFileType = folder.assetcatalog; path = Assets.xcassets; sourceTree = "<group>"; };
		2D19757E20D86483005512BD /* Base */ = {isa = PBXFileReference; lastKnownFileType = file.storyboard; name = Base; path = Base.lproj/LaunchScreen.storyboard; sourceTree = "<group>"; };
		2D19758020D86483005512BD /* Info.plist */ = {isa = PBXFileReference; lastKnownFileType = text.plist.xml; path = Info.plist; sourceTree = "<group>"; };
		2D19758520D86483005512BD /* MoniTests.xctest */ = {isa = PBXFileReference; explicitFileType = wrapper.cfbundle; includeInIndex = 0; path = MoniTests.xctest; sourceTree = BUILT_PRODUCTS_DIR; };
		2D19758920D86483005512BD /* MoniTests.swift */ = {isa = PBXFileReference; lastKnownFileType = sourcecode.swift; path = MoniTests.swift; sourceTree = "<group>"; };
		2D19758B20D86483005512BD /* Info.plist */ = {isa = PBXFileReference; lastKnownFileType = text.plist.xml; path = Info.plist; sourceTree = "<group>"; };
		2D19759020D86483005512BD /* MoniUITests.xctest */ = {isa = PBXFileReference; explicitFileType = wrapper.cfbundle; includeInIndex = 0; path = MoniUITests.xctest; sourceTree = BUILT_PRODUCTS_DIR; };
		2D19759420D86483005512BD /* MoniUITests.swift */ = {isa = PBXFileReference; lastKnownFileType = sourcecode.swift; path = MoniUITests.swift; sourceTree = "<group>"; };
		2D19759620D86483005512BD /* Info.plist */ = {isa = PBXFileReference; lastKnownFileType = text.plist.xml; path = Info.plist; sourceTree = "<group>"; };
		2D1975AB20D865FD005512BD /* CardsRepository.swift */ = {isa = PBXFileReference; lastKnownFileType = sourcecode.swift; path = CardsRepository.swift; sourceTree = "<group>"; };
		2D1975B420D86657005512BD /* CardsViewController.swift */ = {isa = PBXFileReference; lastKnownFileType = sourcecode.swift; path = CardsViewController.swift; sourceTree = "<group>"; };
		2D1975B620D86660005512BD /* CardsViewController+Layout.swift */ = {isa = PBXFileReference; lastKnownFileType = sourcecode.swift; path = "CardsViewController+Layout.swift"; sourceTree = "<group>"; };
		2D1975B820D8666C005512BD /* CardsPresenter.swift */ = {isa = PBXFileReference; lastKnownFileType = sourcecode.swift; path = CardsPresenter.swift; sourceTree = "<group>"; };
		2D1975BA20D86676005512BD /* CardsPresenterContract.swift */ = {isa = PBXFileReference; lastKnownFileType = sourcecode.swift; path = CardsPresenterContract.swift; sourceTree = "<group>"; };
		2D1975BC20D86681005512BD /* CardsInteractor.swift */ = {isa = PBXFileReference; lastKnownFileType = sourcecode.swift; path = CardsInteractor.swift; sourceTree = "<group>"; };
		2D1975BE20D8668B005512BD /* CardsInteractorContract.swift */ = {isa = PBXFileReference; lastKnownFileType = sourcecode.swift; path = CardsInteractorContract.swift; sourceTree = "<group>"; };
		2D1975C020D86694005512BD /* CardsRouter.swift */ = {isa = PBXFileReference; lastKnownFileType = sourcecode.swift; path = CardsRouter.swift; sourceTree = "<group>"; };
		2D1975C220D8669B005512BD /* CardsRouterContract.swift */ = {isa = PBXFileReference; lastKnownFileType = sourcecode.swift; path = CardsRouterContract.swift; sourceTree = "<group>"; };
		2D1975C520D866B7005512BD /* CardCollectionViewCell.swift */ = {isa = PBXFileReference; lastKnownFileType = sourcecode.swift; path = CardCollectionViewCell.swift; sourceTree = "<group>"; };
		2D1975C720D866C7005512BD /* MoneyToPayRouter.swift */ = {isa = PBXFileReference; lastKnownFileType = sourcecode.swift; path = MoneyToPayRouter.swift; sourceTree = "<group>"; };
		2D1975C920D866CE005512BD /* MoneyToPayRouterContract.swift */ = {isa = PBXFileReference; lastKnownFileType = sourcecode.swift; path = MoneyToPayRouterContract.swift; sourceTree = "<group>"; };
		2D1975CB20D866D9005512BD /* MoneyToPayInteractor.swift */ = {isa = PBXFileReference; lastKnownFileType = sourcecode.swift; path = MoneyToPayInteractor.swift; sourceTree = "<group>"; };
		2D1975CD20D866E0005512BD /* MoneyToPayInteractorContract.swift */ = {isa = PBXFileReference; lastKnownFileType = sourcecode.swift; path = MoneyToPayInteractorContract.swift; sourceTree = "<group>"; };
		2D1975CF20D866E9005512BD /* MoneyToPayPresenter.swift */ = {isa = PBXFileReference; lastKnownFileType = sourcecode.swift; path = MoneyToPayPresenter.swift; sourceTree = "<group>"; };
		2D1975D120D866F4005512BD /* MoneyToPayPresenterContract.swift */ = {isa = PBXFileReference; lastKnownFileType = sourcecode.swift; path = MoneyToPayPresenterContract.swift; sourceTree = "<group>"; };
		2D1975D320D866FF005512BD /* MoneyToPayViewController.swift */ = {isa = PBXFileReference; lastKnownFileType = sourcecode.swift; path = MoneyToPayViewController.swift; sourceTree = "<group>"; };
		2D1975D520D86706005512BD /* MoneyToPayViewController+Layout.swift */ = {isa = PBXFileReference; lastKnownFileType = sourcecode.swift; path = "MoneyToPayViewController+Layout.swift"; sourceTree = "<group>"; };
		2D1975DC20D8676B005512BD /* AddCardViewController.swift */ = {isa = PBXFileReference; lastKnownFileType = sourcecode.swift; path = AddCardViewController.swift; sourceTree = "<group>"; };
		2D1975DE20D86773005512BD /* AddCardViewController+Layout.swift */ = {isa = PBXFileReference; lastKnownFileType = sourcecode.swift; path = "AddCardViewController+Layout.swift"; sourceTree = "<group>"; };
		2D1975E020D8677D005512BD /* AddCardPresenter.swift */ = {isa = PBXFileReference; lastKnownFileType = sourcecode.swift; path = AddCardPresenter.swift; sourceTree = "<group>"; };
		2D1975E220D86787005512BD /* AddCardPresenterContract.swift */ = {isa = PBXFileReference; lastKnownFileType = sourcecode.swift; path = AddCardPresenterContract.swift; sourceTree = "<group>"; };
		2D1975E420D86793005512BD /* AddCardInteractor.swift */ = {isa = PBXFileReference; lastKnownFileType = sourcecode.swift; path = AddCardInteractor.swift; sourceTree = "<group>"; };
		2D1975E620D8679A005512BD /* AddCardInteractorContract.swift */ = {isa = PBXFileReference; lastKnownFileType = sourcecode.swift; path = AddCardInteractorContract.swift; sourceTree = "<group>"; };
		2D1975E820D867A5005512BD /* AddCardRouter.swift */ = {isa = PBXFileReference; lastKnownFileType = sourcecode.swift; path = AddCardRouter.swift; sourceTree = "<group>"; };
		2D1975EA20D867AB005512BD /* AddCardRouterContract.swift */ = {isa = PBXFileReference; lastKnownFileType = sourcecode.swift; path = AddCardRouterContract.swift; sourceTree = "<group>"; };
		2D1975EC20D867B5005512BD /* AddCardConfigurator.swift */ = {isa = PBXFileReference; lastKnownFileType = sourcecode.swift; path = AddCardConfigurator.swift; sourceTree = "<group>"; };
		2D1975EE20D867C6005512BD /* MoneyToPayConfigurator.swift */ = {isa = PBXFileReference; lastKnownFileType = sourcecode.swift; path = MoneyToPayConfigurator.swift; sourceTree = "<group>"; };
		2D1975F020D867DE005512BD /* CardsConfigurator.swift */ = {isa = PBXFileReference; lastKnownFileType = sourcecode.swift; path = CardsConfigurator.swift; sourceTree = "<group>"; };
		2D1975F220D87B6C005512BD /* CardsViewContract.swift */ = {isa = PBXFileReference; lastKnownFileType = sourcecode.swift; path = CardsViewContract.swift; sourceTree = "<group>"; };
		2D1975F420D87C34005512BD /* AddCardViewContract.swift */ = {isa = PBXFileReference; lastKnownFileType = sourcecode.swift; path = AddCardViewContract.swift; sourceTree = "<group>"; };
		2D1975F620D87DE1005512BD /* MoneyToPayViewContract.swift */ = {isa = PBXFileReference; lastKnownFileType = sourcecode.swift; path = MoneyToPayViewContract.swift; sourceTree = "<group>"; };
		2D1975FA20D87F24005512BD /* RootPresenterContract.swift */ = {isa = PBXFileReference; lastKnownFileType = sourcecode.swift; path = RootPresenterContract.swift; sourceTree = "<group>"; };
		2D1975FC20D87F2C005512BD /* RootPresenter.swift */ = {isa = PBXFileReference; lastKnownFileType = sourcecode.swift; path = RootPresenter.swift; sourceTree = "<group>"; };
		2D64B10620DC33770033880A /* CardsRepositoryContract.swift */ = {isa = PBXFileReference; lastKnownFileType = sourcecode.swift; path = CardsRepositoryContract.swift; sourceTree = "<group>"; };
		2D64B10820DC39810033880A /* UIImages.swift */ = {isa = PBXFileReference; fileEncoding = 4; lastKnownFileType = sourcecode.swift; path = UIImages.swift; sourceTree = "<group>"; };
		2D6C3E2C20D9A0870047113F /* Colors.swift */ = {isa = PBXFileReference; fileEncoding = 4; lastKnownFileType = sourcecode.swift; path = Colors.swift; sourceTree = "<group>"; };
		2D6C3E2D20D9A0870047113F /* Views.swift */ = {isa = PBXFileReference; fileEncoding = 4; lastKnownFileType = sourcecode.swift; path = Views.swift; sourceTree = "<group>"; };
		2D6C3E2E20D9A0880047113F /* Fonts.swift */ = {isa = PBXFileReference; fileEncoding = 4; lastKnownFileType = sourcecode.swift; path = Fonts.swift; sourceTree = "<group>"; };
		2D6C3E3720D9A0B10047113F /* SFCompactText-Light.otf */ = {isa = PBXFileReference; lastKnownFileType = file; path = "SFCompactText-Light.otf"; sourceTree = "<group>"; };
		2D6C3E3920D9A0B10047113F /* SFCompactText-Regular.otf */ = {isa = PBXFileReference; lastKnownFileType = file; path = "SFCompactText-Regular.otf"; sourceTree = "<group>"; };
		2D6C3E3C20D9A0B20047113F /* SFCompactText-Bold.otf */ = {isa = PBXFileReference; lastKnownFileType = file; path = "SFCompactText-Bold.otf"; sourceTree = "<group>"; };
		2D6C3E4620D9A0B20047113F /* SFCompactText-Heavy.otf */ = {isa = PBXFileReference; lastKnownFileType = file; path = "SFCompactText-Heavy.otf"; sourceTree = "<group>"; };
		2D6C3E5E20D9A1F10047113F /* Card.swift */ = {isa = PBXFileReference; lastKnownFileType = sourcecode.swift; path = Card.swift; sourceTree = "<group>"; };
		2DDE554420E1B1AF005ED7FD /* 1024Icon.png */ = {isa = PBXFileReference; lastKnownFileType = image.png; path = 1024Icon.png; sourceTree = "<group>"; };
		5CE641F1216B9D6700C62D9B /* CardsPresenterTest.swift */ = {isa = PBXFileReference; lastKnownFileType = sourcecode.swift; path = CardsPresenterTest.swift; sourceTree = "<group>"; };
		5CE641F4216B9F9600C62D9B /* MockitCardsRouter.swift */ = {isa = PBXFileReference; lastKnownFileType = sourcecode.swift; path = MockitCardsRouter.swift; sourceTree = "<group>"; };
		5CE641F6216BA02400C62D9B /* MockitCardsInteractor.swift */ = {isa = PBXFileReference; lastKnownFileType = sourcecode.swift; path = MockitCardsInteractor.swift; sourceTree = "<group>"; };
		5CE641F8216BA1AC00C62D9B /* MockitCardsView.swift */ = {isa = PBXFileReference; lastKnownFileType = sourcecode.swift; path = MockitCardsView.swift; sourceTree = "<group>"; };
		663248890929A281B7332E7F /* Pods_Moni.framework */ = {isa = PBXFileReference; explicitFileType = wrapper.framework; includeInIndex = 0; path = Pods_Moni.framework; sourceTree = BUILT_PRODUCTS_DIR; };
		A5A46908F722386CAEAF9675 /* Pods-MoniTests.release.xcconfig */ = {isa = PBXFileReference; includeInIndex = 1; lastKnownFileType = text.xcconfig; name = "Pods-MoniTests.release.xcconfig"; path = "Pods/Target Support Files/Pods-MoniTests/Pods-MoniTests.release.xcconfig"; sourceTree = "<group>"; };
		C06A12FC8BE3731CFB65A4AC /* Pods_MoniTests.framework */ = {isa = PBXFileReference; explicitFileType = wrapper.framework; includeInIndex = 0; path = Pods_MoniTests.framework; sourceTree = BUILT_PRODUCTS_DIR; };
		DB997935F3EDE3162BC31136 /* Pods-Moni.release.xcconfig */ = {isa = PBXFileReference; includeInIndex = 1; lastKnownFileType = text.xcconfig; name = "Pods-Moni.release.xcconfig"; path = "Pods/Target Support Files/Pods-Moni/Pods-Moni.release.xcconfig"; sourceTree = "<group>"; };
		ECF3B01C7BC6459B899E241F /* Pods-Moni.debug.xcconfig */ = {isa = PBXFileReference; includeInIndex = 1; lastKnownFileType = text.xcconfig; name = "Pods-Moni.debug.xcconfig"; path = "Pods/Target Support Files/Pods-Moni/Pods-Moni.debug.xcconfig"; sourceTree = "<group>"; };
/* End PBXFileReference section */

/* Begin PBXFrameworksBuildPhase section */
		2D19756E20D86481005512BD /* Frameworks */ = {
			isa = PBXFrameworksBuildPhase;
			buildActionMask = 2147483647;
			files = (
				2D0341E220D88835008A2B21 /* StoreKit.framework in Frameworks */,
				2D0341E020D88830008A2B21 /* Stripe.framework in Frameworks */,
				CC04F47D6FE2F6714A18E9BD /* Pods_Moni.framework in Frameworks */,
			);
			runOnlyForDeploymentPostprocessing = 0;
		};
		2D19758220D86483005512BD /* Frameworks */ = {
			isa = PBXFrameworksBuildPhase;
			buildActionMask = 2147483647;
			files = (
				DF8BAB8EEE3D225775323988 /* Pods_MoniTests.framework in Frameworks */,
			);
			runOnlyForDeploymentPostprocessing = 0;
		};
		2D19758D20D86483005512BD /* Frameworks */ = {
			isa = PBXFrameworksBuildPhase;
			buildActionMask = 2147483647;
			files = (
			);
			runOnlyForDeploymentPostprocessing = 0;
		};
/* End PBXFrameworksBuildPhase section */

/* Begin PBXGroup section */
		23F2BB39759538357747F15B /* Frameworks */ = {
			isa = PBXGroup;
			children = (
				2D0341E120D88835008A2B21 /* StoreKit.framework */,
				2D0341DF20D88830008A2B21 /* Stripe.framework */,
				663248890929A281B7332E7F /* Pods_Moni.framework */,
				C06A12FC8BE3731CFB65A4AC /* Pods_MoniTests.framework */,
			);
			name = Frameworks;
			sourceTree = "<group>";
		};
		2D19756820D86481005512BD = {
			isa = PBXGroup;
			children = (
				2D19757320D86481005512BD /* Moni */,
				2D19758820D86483005512BD /* MoniTests */,
				2D19759320D86483005512BD /* MoniUITests */,
				2D19757220D86481005512BD /* Products */,
				6397489BE9607F23C6F2520D /* Pods */,
				23F2BB39759538357747F15B /* Frameworks */,
			);
			sourceTree = "<group>";
		};
		2D19757220D86481005512BD /* Products */ = {
			isa = PBXGroup;
			children = (
				2D19757120D86481005512BD /* Moni.app */,
				2D19758520D86483005512BD /* MoniTests.xctest */,
				2D19759020D86483005512BD /* MoniUITests.xctest */,
			);
			name = Products;
			sourceTree = "<group>";
		};
		2D19757320D86481005512BD /* Moni */ = {
			isa = PBXGroup;
			children = (
				2D6C3E5D20D9A1E60047113F /* Models */,
				2D6C3E3220D9A0A20047113F /* Resources */,
				2D6C3E2B20D9A06D0047113F /* Utils */,
				2D1975B120D86624005512BD /* SupportingFiles */,
				2D1975A920D865E3005512BD /* Repository */,
				2D1975A220D865AC005512BD /* Module */,
				2D19757420D86481005512BD /* AppDelegate.swift */,
			);
			path = Moni;
			sourceTree = "<group>";
		};
		2D19758820D86483005512BD /* MoniTests */ = {
			isa = PBXGroup;
			children = (
				5CE641F3216B9F7000C62D9B /* Mock */,
				5CE641EE216B9D3500C62D9B /* UnitTest */,
				2D19758920D86483005512BD /* MoniTests.swift */,
				2D19758B20D86483005512BD /* Info.plist */,
			);
			path = MoniTests;
			sourceTree = "<group>";
		};
		2D19759320D86483005512BD /* MoniUITests */ = {
			isa = PBXGroup;
			children = (
				2D19759420D86483005512BD /* MoniUITests.swift */,
				2D19759620D86483005512BD /* Info.plist */,
			);
			path = MoniUITests;
			sourceTree = "<group>";
		};
		2D1975A220D865AC005512BD /* Module */ = {
			isa = PBXGroup;
			children = (
				2D1975F820D87F10005512BD /* Root */,
				2D1975A420D865BA005512BD /* MoneyToPay */,
				2D1975D720D86732005512BD /* AddCard */,
				2D1975A320D865B3005512BD /* Cards */,
			);
			path = Module;
			sourceTree = "<group>";
		};
		2D1975A320D865B3005512BD /* Cards */ = {
			isa = PBXGroup;
			children = (
				2D1975A820D865DD005512BD /* Router */,
				2D1975A720D865D7005512BD /* Interactor */,
				2D1975A620D865D0005512BD /* Presenter */,
				2D1975A520D865CB005512BD /* View */,
				2D1975F020D867DE005512BD /* CardsConfigurator.swift */,
			);
			path = Cards;
			sourceTree = "<group>";
		};
		2D1975A420D865BA005512BD /* MoneyToPay */ = {
			isa = PBXGroup;
			children = (
				2D1975B020D86617005512BD /* Router */,
				2D1975AF20D86612005512BD /* Interactor */,
				2D1975AE20D8660D005512BD /* Presenter */,
				2D1975AD20D86605005512BD /* View */,
				2D1975EE20D867C6005512BD /* MoneyToPayConfigurator.swift */,
			);
			path = MoneyToPay;
			sourceTree = "<group>";
		};
		2D1975A520D865CB005512BD /* View */ = {
			isa = PBXGroup;
			children = (
				2D1975B320D8664B005512BD /* Components */,
				2D1975B420D86657005512BD /* CardsViewController.swift */,
				2D1975B620D86660005512BD /* CardsViewController+Layout.swift */,
				2D1975F220D87B6C005512BD /* CardsViewContract.swift */,
			);
			path = View;
			sourceTree = "<group>";
		};
		2D1975A620D865D0005512BD /* Presenter */ = {
			isa = PBXGroup;
			children = (
				2D1975B820D8666C005512BD /* CardsPresenter.swift */,
				2D1975BA20D86676005512BD /* CardsPresenterContract.swift */,
			);
			path = Presenter;
			sourceTree = "<group>";
		};
		2D1975A720D865D7005512BD /* Interactor */ = {
			isa = PBXGroup;
			children = (
				2D1975BC20D86681005512BD /* CardsInteractor.swift */,
				2D1975BE20D8668B005512BD /* CardsInteractorContract.swift */,
			);
			path = Interactor;
			sourceTree = "<group>";
		};
		2D1975A820D865DD005512BD /* Router */ = {
			isa = PBXGroup;
			children = (
				2D1975C020D86694005512BD /* CardsRouter.swift */,
				2D1975C220D8669B005512BD /* CardsRouterContract.swift */,
			);
			path = Router;
			sourceTree = "<group>";
		};
		2D1975A920D865E3005512BD /* Repository */ = {
			isa = PBXGroup;
			children = (
				2D1975AA20D865ED005512BD /* Cards */,
			);
			path = Repository;
			sourceTree = "<group>";
		};
		2D1975AA20D865ED005512BD /* Cards */ = {
			isa = PBXGroup;
			children = (
				2D1975AB20D865FD005512BD /* CardsRepository.swift */,
				2D64B10620DC33770033880A /* CardsRepositoryContract.swift */,
			);
			path = Cards;
			sourceTree = "<group>";
		};
		2D1975AD20D86605005512BD /* View */ = {
			isa = PBXGroup;
			children = (
				2D1975D320D866FF005512BD /* MoneyToPayViewController.swift */,
				2D1975D520D86706005512BD /* MoneyToPayViewController+Layout.swift */,
				2D1975F620D87DE1005512BD /* MoneyToPayViewContract.swift */,
			);
			path = View;
			sourceTree = "<group>";
		};
		2D1975AE20D8660D005512BD /* Presenter */ = {
			isa = PBXGroup;
			children = (
				2D1975CF20D866E9005512BD /* MoneyToPayPresenter.swift */,
				2D1975D120D866F4005512BD /* MoneyToPayPresenterContract.swift */,
			);
			path = Presenter;
			sourceTree = "<group>";
		};
		2D1975AF20D86612005512BD /* Interactor */ = {
			isa = PBXGroup;
			children = (
				2D1975CB20D866D9005512BD /* MoneyToPayInteractor.swift */,
				2D1975CD20D866E0005512BD /* MoneyToPayInteractorContract.swift */,
			);
			path = Interactor;
			sourceTree = "<group>";
		};
		2D1975B020D86617005512BD /* Router */ = {
			isa = PBXGroup;
			children = (
				2D1975C720D866C7005512BD /* MoneyToPayRouter.swift */,
				2D1975C920D866CE005512BD /* MoneyToPayRouterContract.swift */,
			);
			path = Router;
			sourceTree = "<group>";
		};
		2D1975B120D86624005512BD /* SupportingFiles */ = {
			isa = PBXGroup;
			children = (
				2DDE554420E1B1AF005ED7FD /* 1024Icon.png */,
				2D19757B20D86483005512BD /* Assets.xcassets */,
				2D19757D20D86483005512BD /* LaunchScreen.storyboard */,
				2D19758020D86483005512BD /* Info.plist */,
			);
			path = SupportingFiles;
			sourceTree = "<group>";
		};
		2D1975B320D8664B005512BD /* Components */ = {
			isa = PBXGroup;
			children = (
				2D1975C520D866B7005512BD /* CardCollectionViewCell.swift */,
			);
			path = Components;
			sourceTree = "<group>";
		};
		2D1975D720D86732005512BD /* AddCard */ = {
			isa = PBXGroup;
			children = (
				2D1975DB20D86757005512BD /* Router */,
				2D1975DA20D86751005512BD /* Interactor */,
				2D1975D920D8674B005512BD /* Presenter */,
				2D1975D820D86745005512BD /* View */,
				2D1975EC20D867B5005512BD /* AddCardConfigurator.swift */,
			);
			path = AddCard;
			sourceTree = "<group>";
		};
		2D1975D820D86745005512BD /* View */ = {
			isa = PBXGroup;
			children = (
				2D1975DC20D8676B005512BD /* AddCardViewController.swift */,
				2D1975DE20D86773005512BD /* AddCardViewController+Layout.swift */,
				2D1975F420D87C34005512BD /* AddCardViewContract.swift */,
			);
			path = View;
			sourceTree = "<group>";
		};
		2D1975D920D8674B005512BD /* Presenter */ = {
			isa = PBXGroup;
			children = (
				2D1975E020D8677D005512BD /* AddCardPresenter.swift */,
				2D1975E220D86787005512BD /* AddCardPresenterContract.swift */,
			);
			path = Presenter;
			sourceTree = "<group>";
		};
		2D1975DA20D86751005512BD /* Interactor */ = {
			isa = PBXGroup;
			children = (
				2D1975E420D86793005512BD /* AddCardInteractor.swift */,
				2D1975E620D8679A005512BD /* AddCardInteractorContract.swift */,
			);
			path = Interactor;
			sourceTree = "<group>";
		};
		2D1975DB20D86757005512BD /* Router */ = {
			isa = PBXGroup;
			children = (
				2D1975E820D867A5005512BD /* AddCardRouter.swift */,
				2D1975EA20D867AB005512BD /* AddCardRouterContract.swift */,
			);
			path = Router;
			sourceTree = "<group>";
		};
		2D1975F820D87F10005512BD /* Root */ = {
			isa = PBXGroup;
			children = (
				2D1975F920D87F18005512BD /* Presenter */,
			);
			path = Root;
			sourceTree = "<group>";
		};
		2D1975F920D87F18005512BD /* Presenter */ = {
			isa = PBXGroup;
			children = (
				2D1975FA20D87F24005512BD /* RootPresenterContract.swift */,
				2D1975FC20D87F2C005512BD /* RootPresenter.swift */,
			);
			path = Presenter;
			sourceTree = "<group>";
		};
		2D6C3E2B20D9A06D0047113F /* Utils */ = {
			isa = PBXGroup;
			children = (
				2D64B10820DC39810033880A /* UIImages.swift */,
				2D6C3E2C20D9A0870047113F /* Colors.swift */,
				2D6C3E2E20D9A0880047113F /* Fonts.swift */,
				2D6C3E2D20D9A0870047113F /* Views.swift */,
			);
			path = Utils;
			sourceTree = "<group>";
		};
		2D6C3E3220D9A0A20047113F /* Resources */ = {
			isa = PBXGroup;
			children = (
				2D6C3E3C20D9A0B20047113F /* SFCompactText-Bold.otf */,
				2D6C3E4620D9A0B20047113F /* SFCompactText-Heavy.otf */,
				2D6C3E3720D9A0B10047113F /* SFCompactText-Light.otf */,
				2D6C3E3920D9A0B10047113F /* SFCompactText-Regular.otf */,
			);
			path = Resources;
			sourceTree = "<group>";
		};
		2D6C3E5D20D9A1E60047113F /* Models */ = {
			isa = PBXGroup;
			children = (
				2D6C3E5E20D9A1F10047113F /* Card.swift */,
			);
			path = Models;
			sourceTree = "<group>";
		};
		5CE641EE216B9D3500C62D9B /* UnitTest */ = {
			isa = PBXGroup;
			children = (
				5CE641EF216B9D4B00C62D9B /* Cards */,
			);
			path = UnitTest;
			sourceTree = "<group>";
		};
		5CE641EF216B9D4B00C62D9B /* Cards */ = {
			isa = PBXGroup;
			children = (
				5CE641F0216B9D5100C62D9B /* Presenter */,
			);
			path = Cards;
			sourceTree = "<group>";
		};
		5CE641F0216B9D5100C62D9B /* Presenter */ = {
			isa = PBXGroup;
			children = (
				5CE641F1216B9D6700C62D9B /* CardsPresenterTest.swift */,
			);
			path = Presenter;
			sourceTree = "<group>";
		};
		5CE641F3216B9F7000C62D9B /* Mock */ = {
			isa = PBXGroup;
			children = (
				5CE641F4216B9F9600C62D9B /* MockitCardsRouter.swift */,
				5CE641F6216BA02400C62D9B /* MockitCardsInteractor.swift */,
				5CE641F8216BA1AC00C62D9B /* MockitCardsView.swift */,
			);
			path = Mock;
			sourceTree = "<group>";
		};
		6397489BE9607F23C6F2520D /* Pods */ = {
			isa = PBXGroup;
			children = (
				ECF3B01C7BC6459B899E241F /* Pods-Moni.debug.xcconfig */,
				DB997935F3EDE3162BC31136 /* Pods-Moni.release.xcconfig */,
				12885D46C3923F57317973A8 /* Pods-MoniTests.debug.xcconfig */,
				A5A46908F722386CAEAF9675 /* Pods-MoniTests.release.xcconfig */,
			);
			name = Pods;
			sourceTree = "<group>";
		};
/* End PBXGroup section */

/* Begin PBXNativeTarget section */
		2D19757020D86481005512BD /* Moni */ = {
			isa = PBXNativeTarget;
			buildConfigurationList = 2D19759920D86483005512BD /* Build configuration list for PBXNativeTarget "Moni" */;
			buildPhases = (
				6F27677F05482218F1B6F41D /* [CP] Check Pods Manifest.lock */,
				2D19756D20D86481005512BD /* Sources */,
				2D19756E20D86481005512BD /* Frameworks */,
				2D19756F20D86481005512BD /* Resources */,
				5E51264757B24C0876AE5D47 /* [CP] Embed Pods Frameworks */,
			);
			buildRules = (
			);
			dependencies = (
			);
			name = Moni;
			productName = Moni;
			productReference = 2D19757120D86481005512BD /* Moni.app */;
			productType = "com.apple.product-type.application";
		};
		2D19758420D86483005512BD /* MoniTests */ = {
			isa = PBXNativeTarget;
			buildConfigurationList = 2D19759C20D86483005512BD /* Build configuration list for PBXNativeTarget "MoniTests" */;
			buildPhases = (
				B39F9A70FEFEBC03FF3AAB32 /* [CP] Check Pods Manifest.lock */,
				2D19758120D86483005512BD /* Sources */,
				2D19758220D86483005512BD /* Frameworks */,
				2D19758320D86483005512BD /* Resources */,
				344D8D6B558D972E477B4ABF /* [CP] Embed Pods Frameworks */,
			);
			buildRules = (
			);
			dependencies = (
				2D19758720D86483005512BD /* PBXTargetDependency */,
			);
			name = MoniTests;
			productName = MoniTests;
			productReference = 2D19758520D86483005512BD /* MoniTests.xctest */;
			productType = "com.apple.product-type.bundle.unit-test";
		};
		2D19758F20D86483005512BD /* MoniUITests */ = {
			isa = PBXNativeTarget;
			buildConfigurationList = 2D19759F20D86483005512BD /* Build configuration list for PBXNativeTarget "MoniUITests" */;
			buildPhases = (
				2D19758C20D86483005512BD /* Sources */,
				2D19758D20D86483005512BD /* Frameworks */,
				2D19758E20D86483005512BD /* Resources */,
			);
			buildRules = (
			);
			dependencies = (
				2D19759220D86483005512BD /* PBXTargetDependency */,
			);
			name = MoniUITests;
			productName = MoniUITests;
			productReference = 2D19759020D86483005512BD /* MoniUITests.xctest */;
			productType = "com.apple.product-type.bundle.ui-testing";
		};
/* End PBXNativeTarget section */

/* Begin PBXProject section */
		2D19756920D86481005512BD /* Project object */ = {
			isa = PBXProject;
			attributes = {
				LastSwiftUpdateCheck = 0940;
				LastUpgradeCheck = 0940;
				ORGANIZATIONNAME = DevSoul;
				TargetAttributes = {
					2D19757020D86481005512BD = {
						CreatedOnToolsVersion = 9.4.1;
					};
					2D19758420D86483005512BD = {
						CreatedOnToolsVersion = 9.4.1;
						TestTargetID = 2D19757020D86481005512BD;
					};
					2D19758F20D86483005512BD = {
						CreatedOnToolsVersion = 9.4.1;
						TestTargetID = 2D19757020D86481005512BD;
					};
				};
			};
			buildConfigurationList = 2D19756C20D86481005512BD /* Build configuration list for PBXProject "Moni" */;
			compatibilityVersion = "Xcode 9.3";
			developmentRegion = en;
			hasScannedForEncodings = 0;
			knownRegions = (
				en,
				Base,
			);
			mainGroup = 2D19756820D86481005512BD;
			productRefGroup = 2D19757220D86481005512BD /* Products */;
			projectDirPath = "";
			projectRoot = "";
			targets = (
				2D19757020D86481005512BD /* Moni */,
				2D19758420D86483005512BD /* MoniTests */,
				2D19758F20D86483005512BD /* MoniUITests */,
			);
		};
/* End PBXProject section */

/* Begin PBXResourcesBuildPhase section */
		2D19756F20D86481005512BD /* Resources */ = {
			isa = PBXResourcesBuildPhase;
			buildActionMask = 2147483647;
			files = (
				2D6C3E5B20D9A0B20047113F /* SFCompactText-Heavy.otf in Resources */,
				2D6C3E5120D9A0B20047113F /* SFCompactText-Bold.otf in Resources */,
				2D6C3E4C20D9A0B20047113F /* SFCompactText-Light.otf in Resources */,
				2D19757F20D86483005512BD /* LaunchScreen.storyboard in Resources */,
				2D6C3E4E20D9A0B20047113F /* SFCompactText-Regular.otf in Resources */,
				2D19757C20D86483005512BD /* Assets.xcassets in Resources */,
				2DDE554520E1B1B0005ED7FD /* 1024Icon.png in Resources */,
			);
			runOnlyForDeploymentPostprocessing = 0;
		};
		2D19758320D86483005512BD /* Resources */ = {
			isa = PBXResourcesBuildPhase;
			buildActionMask = 2147483647;
			files = (
			);
			runOnlyForDeploymentPostprocessing = 0;
		};
		2D19758E20D86483005512BD /* Resources */ = {
			isa = PBXResourcesBuildPhase;
			buildActionMask = 2147483647;
			files = (
			);
			runOnlyForDeploymentPostprocessing = 0;
		};
/* End PBXResourcesBuildPhase section */

/* Begin PBXShellScriptBuildPhase section */
		344D8D6B558D972E477B4ABF /* [CP] Embed Pods Frameworks */ = {
			isa = PBXShellScriptBuildPhase;
			buildActionMask = 2147483647;
			files = (
			);
			inputPaths = (
				"${SRCROOT}/Pods/Target Support Files/Pods-MoniTests/Pods-MoniTests-frameworks.sh",
				"${BUILT_PRODUCTS_DIR}/Mockit/Mockit.framework",
			);
			name = "[CP] Embed Pods Frameworks";
			outputPaths = (
				"${TARGET_BUILD_DIR}/${FRAMEWORKS_FOLDER_PATH}/Mockit.framework",
			);
			runOnlyForDeploymentPostprocessing = 0;
			shellPath = /bin/sh;
			shellScript = "\"${SRCROOT}/Pods/Target Support Files/Pods-MoniTests/Pods-MoniTests-frameworks.sh\"\n";
			showEnvVarsInLog = 0;
		};
		5E51264757B24C0876AE5D47 /* [CP] Embed Pods Frameworks */ = {
			isa = PBXShellScriptBuildPhase;
			buildActionMask = 2147483647;
			files = (
			);
			inputPaths = (
				"${SRCROOT}/Pods/Target Support Files/Pods-Moni/Pods-Moni-frameworks.sh",
				"${BUILT_PRODUCTS_DIR}/CreditCardForm/CreditCardForm.framework",
				"${BUILT_PRODUCTS_DIR}/Realm/Realm.framework",
				"${BUILT_PRODUCTS_DIR}/RealmSwift/RealmSwift.framework",
				"${BUILT_PRODUCTS_DIR}/SnapKit/SnapKit.framework",
				"${BUILT_PRODUCTS_DIR}/Stripe/Stripe.framework",
				"${BUILT_PRODUCTS_DIR}/ionicons/ionicons.framework",
			);
			name = "[CP] Embed Pods Frameworks";
			outputPaths = (
				"${TARGET_BUILD_DIR}/${FRAMEWORKS_FOLDER_PATH}/CreditCardForm.framework",
				"${TARGET_BUILD_DIR}/${FRAMEWORKS_FOLDER_PATH}/Realm.framework",
				"${TARGET_BUILD_DIR}/${FRAMEWORKS_FOLDER_PATH}/RealmSwift.framework",
				"${TARGET_BUILD_DIR}/${FRAMEWORKS_FOLDER_PATH}/SnapKit.framework",
				"${TARGET_BUILD_DIR}/${FRAMEWORKS_FOLDER_PATH}/Stripe.framework",
				"${TARGET_BUILD_DIR}/${FRAMEWORKS_FOLDER_PATH}/ionicons.framework",
			);
			runOnlyForDeploymentPostprocessing = 0;
			shellPath = /bin/sh;
			shellScript = "\"${SRCROOT}/Pods/Target Support Files/Pods-Moni/Pods-Moni-frameworks.sh\"\n";
			showEnvVarsInLog = 0;
		};
		6F27677F05482218F1B6F41D /* [CP] Check Pods Manifest.lock */ = {
			isa = PBXShellScriptBuildPhase;
			buildActionMask = 2147483647;
			files = (
			);
			inputPaths = (
				"${PODS_PODFILE_DIR_PATH}/Podfile.lock",
				"${PODS_ROOT}/Manifest.lock",
			);
			name = "[CP] Check Pods Manifest.lock";
			outputPaths = (
				"$(DERIVED_FILE_DIR)/Pods-Moni-checkManifestLockResult.txt",
			);
			runOnlyForDeploymentPostprocessing = 0;
			shellPath = /bin/sh;
			shellScript = "diff \"${PODS_PODFILE_DIR_PATH}/Podfile.lock\" \"${PODS_ROOT}/Manifest.lock\" > /dev/null\nif [ $? != 0 ] ; then\n    # print error to STDERR\n    echo \"error: The sandbox is not in sync with the Podfile.lock. Run 'pod install' or update your CocoaPods installation.\" >&2\n    exit 1\nfi\n# This output is used by Xcode 'outputs' to avoid re-running this script phase.\necho \"SUCCESS\" > \"${SCRIPT_OUTPUT_FILE_0}\"\n";
			showEnvVarsInLog = 0;
		};
		B39F9A70FEFEBC03FF3AAB32 /* [CP] Check Pods Manifest.lock */ = {
			isa = PBXShellScriptBuildPhase;
			buildActionMask = 2147483647;
			files = (
			);
			inputPaths = (
				"${PODS_PODFILE_DIR_PATH}/Podfile.lock",
				"${PODS_ROOT}/Manifest.lock",
			);
			name = "[CP] Check Pods Manifest.lock";
			outputPaths = (
				"$(DERIVED_FILE_DIR)/Pods-MoniTests-checkManifestLockResult.txt",
			);
			runOnlyForDeploymentPostprocessing = 0;
			shellPath = /bin/sh;
			shellScript = "diff \"${PODS_PODFILE_DIR_PATH}/Podfile.lock\" \"${PODS_ROOT}/Manifest.lock\" > /dev/null\nif [ $? != 0 ] ; then\n    # print error to STDERR\n    echo \"error: The sandbox is not in sync with the Podfile.lock. Run 'pod install' or update your CocoaPods installation.\" >&2\n    exit 1\nfi\n# This output is used by Xcode 'outputs' to avoid re-running this script phase.\necho \"SUCCESS\" > \"${SCRIPT_OUTPUT_FILE_0}\"\n";
			showEnvVarsInLog = 0;
		};
/* End PBXShellScriptBuildPhase section */

/* Begin PBXSourcesBuildPhase section */
		2D19756D20D86481005512BD /* Sources */ = {
			isa = PBXSourcesBuildPhase;
			buildActionMask = 2147483647;
			files = (
				2D1975C820D866C7005512BD /* MoneyToPayRouter.swift in Sources */,
				2D1975CA20D866CE005512BD /* MoneyToPayRouterContract.swift in Sources */,
				2D1975ED20D867B5005512BD /* AddCardConfigurator.swift in Sources */,
				2D1975E520D86793005512BD /* AddCardInteractor.swift in Sources */,
				2D1975F320D87B6C005512BD /* CardsViewContract.swift in Sources */,
				2D1975E320D86787005512BD /* AddCardPresenterContract.swift in Sources */,
				2D1975BD20D86681005512BD /* CardsInteractor.swift in Sources */,
				2D6C3E5F20D9A1F10047113F /* Card.swift in Sources */,
				2D1975B520D86657005512BD /* CardsViewController.swift in Sources */,
				2D1975AC20D865FD005512BD /* CardsRepository.swift in Sources */,
				2D6C3E3020D9A0880047113F /* Views.swift in Sources */,
				2D1975EB20D867AB005512BD /* AddCardRouterContract.swift in Sources */,
				2D1975C620D866B7005512BD /* CardCollectionViewCell.swift in Sources */,
				2D1975D020D866E9005512BD /* MoneyToPayPresenter.swift in Sources */,
				2D1975CE20D866E0005512BD /* MoneyToPayInteractorContract.swift in Sources */,
				2D1975CC20D866D9005512BD /* MoneyToPayInteractor.swift in Sources */,
				2D1975DF20D86773005512BD /* AddCardViewController+Layout.swift in Sources */,
				2D1975BF20D8668B005512BD /* CardsInteractorContract.swift in Sources */,
				2D1975D420D866FF005512BD /* MoneyToPayViewController.swift in Sources */,
				2D1975EF20D867C6005512BD /* MoneyToPayConfigurator.swift in Sources */,
				2D1975BB20D86676005512BD /* CardsPresenterContract.swift in Sources */,
				2D1975E920D867A5005512BD /* AddCardRouter.swift in Sources */,
				2D1975B720D86660005512BD /* CardsViewController+Layout.swift in Sources */,
				2D1975DD20D8676B005512BD /* AddCardViewController.swift in Sources */,
				2D1975D220D866F4005512BD /* MoneyToPayPresenterContract.swift in Sources */,
				2D64B10720DC33770033880A /* CardsRepositoryContract.swift in Sources */,
				2D1975B920D8666C005512BD /* CardsPresenter.swift in Sources */,
				2D1975E720D8679A005512BD /* AddCardInteractorContract.swift in Sources */,
				2D1975C320D8669B005512BD /* CardsRouterContract.swift in Sources */,
				2D6C3E3120D9A0880047113F /* Fonts.swift in Sources */,
				2D6C3E2F20D9A0880047113F /* Colors.swift in Sources */,
				2D1975E120D8677D005512BD /* AddCardPresenter.swift in Sources */,
				2D64B10920DC39810033880A /* UIImages.swift in Sources */,
				2D1975F520D87C34005512BD /* AddCardViewContract.swift in Sources */,
				2D1975FB20D87F24005512BD /* RootPresenterContract.swift in Sources */,
				2D1975FD20D87F2C005512BD /* RootPresenter.swift in Sources */,
				2D1975F720D87DE1005512BD /* MoneyToPayViewContract.swift in Sources */,
				2D1975D620D86706005512BD /* MoneyToPayViewController+Layout.swift in Sources */,
				2D1975F120D867DE005512BD /* CardsConfigurator.swift in Sources */,
				2D1975C120D86694005512BD /* CardsRouter.swift in Sources */,
				2D19757520D86481005512BD /* AppDelegate.swift in Sources */,
			);
			runOnlyForDeploymentPostprocessing = 0;
		};
		2D19758120D86483005512BD /* Sources */ = {
			isa = PBXSourcesBuildPhase;
			buildActionMask = 2147483647;
			files = (
				5CE641F5216B9F9600C62D9B /* MockitCardsRouter.swift in Sources */,
				5CE641F2216B9D6700C62D9B /* CardsPresenterTest.swift in Sources */,
				5CE641F7216BA02400C62D9B /* MockitCardsInteractor.swift in Sources */,
				5CE641F9216BA1AC00C62D9B /* MockitCardsView.swift in Sources */,
				2D19758A20D86483005512BD /* MoniTests.swift in Sources */,
			);
			runOnlyForDeploymentPostprocessing = 0;
		};
		2D19758C20D86483005512BD /* Sources */ = {
			isa = PBXSourcesBuildPhase;
			buildActionMask = 2147483647;
			files = (
				2D19759520D86483005512BD /* MoniUITests.swift in Sources */,
			);
			runOnlyForDeploymentPostprocessing = 0;
		};
/* End PBXSourcesBuildPhase section */

/* Begin PBXTargetDependency section */
		2D19758720D86483005512BD /* PBXTargetDependency */ = {
			isa = PBXTargetDependency;
			target = 2D19757020D86481005512BD /* Moni */;
			targetProxy = 2D19758620D86483005512BD /* PBXContainerItemProxy */;
		};
		2D19759220D86483005512BD /* PBXTargetDependency */ = {
			isa = PBXTargetDependency;
			target = 2D19757020D86481005512BD /* Moni */;
			targetProxy = 2D19759120D86483005512BD /* PBXContainerItemProxy */;
		};
/* End PBXTargetDependency section */

/* Begin PBXVariantGroup section */
		2D19757D20D86483005512BD /* LaunchScreen.storyboard */ = {
			isa = PBXVariantGroup;
			children = (
				2D19757E20D86483005512BD /* Base */,
			);
			name = LaunchScreen.storyboard;
			sourceTree = "<group>";
		};
/* End PBXVariantGroup section */

/* Begin XCBuildConfiguration section */
		2D19759720D86483005512BD /* Debug */ = {
			isa = XCBuildConfiguration;
			buildSettings = {
				ALWAYS_SEARCH_USER_PATHS = NO;
				CLANG_ANALYZER_NONNULL = YES;
				CLANG_ANALYZER_NUMBER_OBJECT_CONVERSION = YES_AGGRESSIVE;
				CLANG_CXX_LANGUAGE_STANDARD = "gnu++14";
				CLANG_CXX_LIBRARY = "libc++";
				CLANG_ENABLE_MODULES = YES;
				CLANG_ENABLE_OBJC_ARC = YES;
				CLANG_ENABLE_OBJC_WEAK = YES;
				CLANG_WARN_BLOCK_CAPTURE_AUTORELEASING = YES;
				CLANG_WARN_BOOL_CONVERSION = YES;
				CLANG_WARN_COMMA = YES;
				CLANG_WARN_CONSTANT_CONVERSION = YES;
				CLANG_WARN_DEPRECATED_OBJC_IMPLEMENTATIONS = YES;
				CLANG_WARN_DIRECT_OBJC_ISA_USAGE = YES_ERROR;
				CLANG_WARN_DOCUMENTATION_COMMENTS = YES;
				CLANG_WARN_EMPTY_BODY = YES;
				CLANG_WARN_ENUM_CONVERSION = YES;
				CLANG_WARN_INFINITE_RECURSION = YES;
				CLANG_WARN_INT_CONVERSION = YES;
				CLANG_WARN_NON_LITERAL_NULL_CONVERSION = YES;
				CLANG_WARN_OBJC_IMPLICIT_RETAIN_SELF = YES;
				CLANG_WARN_OBJC_LITERAL_CONVERSION = YES;
				CLANG_WARN_OBJC_ROOT_CLASS = YES_ERROR;
				CLANG_WARN_RANGE_LOOP_ANALYSIS = YES;
				CLANG_WARN_STRICT_PROTOTYPES = YES;
				CLANG_WARN_SUSPICIOUS_MOVE = YES;
				CLANG_WARN_UNGUARDED_AVAILABILITY = YES_AGGRESSIVE;
				CLANG_WARN_UNREACHABLE_CODE = YES;
				CLANG_WARN__DUPLICATE_METHOD_MATCH = YES;
				CODE_SIGN_IDENTITY = "iPhone Developer";
				COPY_PHASE_STRIP = NO;
				DEBUG_INFORMATION_FORMAT = dwarf;
				ENABLE_STRICT_OBJC_MSGSEND = YES;
				ENABLE_TESTABILITY = YES;
				GCC_C_LANGUAGE_STANDARD = gnu11;
				GCC_DYNAMIC_NO_PIC = NO;
				GCC_NO_COMMON_BLOCKS = YES;
				GCC_OPTIMIZATION_LEVEL = 0;
				GCC_PREPROCESSOR_DEFINITIONS = (
					"DEBUG=1",
					"$(inherited)",
				);
				GCC_WARN_64_TO_32_BIT_CONVERSION = YES;
				GCC_WARN_ABOUT_RETURN_TYPE = YES_ERROR;
				GCC_WARN_UNDECLARED_SELECTOR = YES;
				GCC_WARN_UNINITIALIZED_AUTOS = YES_AGGRESSIVE;
				GCC_WARN_UNUSED_FUNCTION = YES;
				GCC_WARN_UNUSED_VARIABLE = YES;
				IPHONEOS_DEPLOYMENT_TARGET = 11.4;
				MTL_ENABLE_DEBUG_INFO = YES;
				ONLY_ACTIVE_ARCH = YES;
				SDKROOT = iphoneos;
				SWIFT_ACTIVE_COMPILATION_CONDITIONS = DEBUG;
				SWIFT_OPTIMIZATION_LEVEL = "-Onone";
				SWIFT_VERSION = 4.0;
			};
			name = Debug;
		};
		2D19759820D86483005512BD /* Release */ = {
			isa = XCBuildConfiguration;
			buildSettings = {
				ALWAYS_SEARCH_USER_PATHS = NO;
				CLANG_ANALYZER_NONNULL = YES;
				CLANG_ANALYZER_NUMBER_OBJECT_CONVERSION = YES_AGGRESSIVE;
				CLANG_CXX_LANGUAGE_STANDARD = "gnu++14";
				CLANG_CXX_LIBRARY = "libc++";
				CLANG_ENABLE_MODULES = YES;
				CLANG_ENABLE_OBJC_ARC = YES;
				CLANG_ENABLE_OBJC_WEAK = YES;
				CLANG_WARN_BLOCK_CAPTURE_AUTORELEASING = YES;
				CLANG_WARN_BOOL_CONVERSION = YES;
				CLANG_WARN_COMMA = YES;
				CLANG_WARN_CONSTANT_CONVERSION = YES;
				CLANG_WARN_DEPRECATED_OBJC_IMPLEMENTATIONS = YES;
				CLANG_WARN_DIRECT_OBJC_ISA_USAGE = YES_ERROR;
				CLANG_WARN_DOCUMENTATION_COMMENTS = YES;
				CLANG_WARN_EMPTY_BODY = YES;
				CLANG_WARN_ENUM_CONVERSION = YES;
				CLANG_WARN_INFINITE_RECURSION = YES;
				CLANG_WARN_INT_CONVERSION = YES;
				CLANG_WARN_NON_LITERAL_NULL_CONVERSION = YES;
				CLANG_WARN_OBJC_IMPLICIT_RETAIN_SELF = YES;
				CLANG_WARN_OBJC_LITERAL_CONVERSION = YES;
				CLANG_WARN_OBJC_ROOT_CLASS = YES_ERROR;
				CLANG_WARN_RANGE_LOOP_ANALYSIS = YES;
				CLANG_WARN_STRICT_PROTOTYPES = YES;
				CLANG_WARN_SUSPICIOUS_MOVE = YES;
				CLANG_WARN_UNGUARDED_AVAILABILITY = YES_AGGRESSIVE;
				CLANG_WARN_UNREACHABLE_CODE = YES;
				CLANG_WARN__DUPLICATE_METHOD_MATCH = YES;
				CODE_SIGN_IDENTITY = "iPhone Developer";
				COPY_PHASE_STRIP = NO;
				DEBUG_INFORMATION_FORMAT = "dwarf-with-dsym";
				ENABLE_NS_ASSERTIONS = NO;
				ENABLE_STRICT_OBJC_MSGSEND = YES;
				GCC_C_LANGUAGE_STANDARD = gnu11;
				GCC_NO_COMMON_BLOCKS = YES;
				GCC_WARN_64_TO_32_BIT_CONVERSION = YES;
				GCC_WARN_ABOUT_RETURN_TYPE = YES_ERROR;
				GCC_WARN_UNDECLARED_SELECTOR = YES;
				GCC_WARN_UNINITIALIZED_AUTOS = YES_AGGRESSIVE;
				GCC_WARN_UNUSED_FUNCTION = YES;
				GCC_WARN_UNUSED_VARIABLE = YES;
				IPHONEOS_DEPLOYMENT_TARGET = 11.4;
				MTL_ENABLE_DEBUG_INFO = NO;
				SDKROOT = iphoneos;
				SWIFT_COMPILATION_MODE = wholemodule;
				SWIFT_OPTIMIZATION_LEVEL = "-O";
				SWIFT_VERSION = 4.0;
				VALIDATE_PRODUCT = YES;
			};
			name = Release;
		};
		2D19759A20D86483005512BD /* Debug */ = {
			isa = XCBuildConfiguration;
			baseConfigurationReference = ECF3B01C7BC6459B899E241F /* Pods-Moni.debug.xcconfig */;
			buildSettings = {
				ASSETCATALOG_COMPILER_APPICON_NAME = AppIcon;
				CODE_SIGN_STYLE = Automatic;
				DEVELOPMENT_TEAM = 2QH2U923HT;
				INFOPLIST_FILE = "$(SRCROOT)/Moni/SupportingFiles/Info.plist";
				LD_RUNPATH_SEARCH_PATHS = (
					"$(inherited)",
					"@executable_path/Frameworks",
				);
				PRODUCT_BUNDLE_IDENTIFIER = com.devsoul.moni;
				PRODUCT_NAME = "$(TARGET_NAME)";
				SWIFT_VERSION = 4.0;
				TARGETED_DEVICE_FAMILY = "1,2";
			};
			name = Debug;
		};
		2D19759B20D86483005512BD /* Release */ = {
			isa = XCBuildConfiguration;
			baseConfigurationReference = DB997935F3EDE3162BC31136 /* Pods-Moni.release.xcconfig */;
			buildSettings = {
				ASSETCATALOG_COMPILER_APPICON_NAME = AppIcon;
				CODE_SIGN_STYLE = Automatic;
				DEVELOPMENT_TEAM = 2QH2U923HT;
				INFOPLIST_FILE = "$(SRCROOT)/Moni/SupportingFiles/Info.plist";
				LD_RUNPATH_SEARCH_PATHS = (
					"$(inherited)",
					"@executable_path/Frameworks",
				);
				PRODUCT_BUNDLE_IDENTIFIER = com.devsoul.moni;
				PRODUCT_NAME = "$(TARGET_NAME)";
				SWIFT_VERSION = 4.0;
				TARGETED_DEVICE_FAMILY = "1,2";
			};
			name = Release;
		};
		2D19759D20D86483005512BD /* Debug */ = {
			isa = XCBuildConfiguration;
			baseConfigurationReference = 12885D46C3923F57317973A8 /* Pods-MoniTests.debug.xcconfig */;
			buildSettings = {
				ALWAYS_EMBED_SWIFT_STANDARD_LIBRARIES = YES;
				BUNDLE_LOADER = "$(TEST_HOST)";
				CODE_SIGN_STYLE = Automatic;
				DEVELOPMENT_TEAM = 3R7X3B75XU;
				INFOPLIST_FILE = MoniTests/Info.plist;
				LD_RUNPATH_SEARCH_PATHS = (
					"$(inherited)",
					"@executable_path/Frameworks",
					"@loader_path/Frameworks",
				);
				PRODUCT_BUNDLE_IDENTIFIER = com.devsoul.MoniTests;
				PRODUCT_NAME = "$(TARGET_NAME)";
				SWIFT_VERSION = 4.0;
				TARGETED_DEVICE_FAMILY = "1,2";
				TEST_HOST = "$(BUILT_PRODUCTS_DIR)/Moni.app/Moni";
			};
			name = Debug;
		};
		2D19759E20D86483005512BD /* Release */ = {
			isa = XCBuildConfiguration;
			baseConfigurationReference = A5A46908F722386CAEAF9675 /* Pods-MoniTests.release.xcconfig */;
			buildSettings = {
				ALWAYS_EMBED_SWIFT_STANDARD_LIBRARIES = YES;
				BUNDLE_LOADER = "$(TEST_HOST)";
				CODE_SIGN_STYLE = Automatic;
				DEVELOPMENT_TEAM = 3R7X3B75XU;
				INFOPLIST_FILE = MoniTests/Info.plist;
				LD_RUNPATH_SEARCH_PATHS = (
					"$(inherited)",
					"@executable_path/Frameworks",
					"@loader_path/Frameworks",
				);
				PRODUCT_BUNDLE_IDENTIFIER = com.devsoul.MoniTests;
				PRODUCT_NAME = "$(TARGET_NAME)";
				SWIFT_VERSION = 4.0;
				TARGETED_DEVICE_FAMILY = "1,2";
				TEST_HOST = "$(BUILT_PRODUCTS_DIR)/Moni.app/Moni";
			};
			name = Release;
		};
		2D1975A020D86483005512BD /* Debug */ = {
			isa = XCBuildConfiguration;
			buildSettings = {
				ALWAYS_EMBED_SWIFT_STANDARD_LIBRARIES = YES;
				CODE_SIGN_STYLE = Automatic;
				DEVELOPMENT_TEAM = 3R7X3B75XU;
				INFOPLIST_FILE = MoniUITests/Info.plist;
				LD_RUNPATH_SEARCH_PATHS = (
					"$(inherited)",
					"@executable_path/Frameworks",
					"@loader_path/Frameworks",
				);
				PRODUCT_BUNDLE_IDENTIFIER = com.devsoul.MoniUITests;
				PRODUCT_NAME = "$(TARGET_NAME)";
				SWIFT_VERSION = 4.0;
				TARGETED_DEVICE_FAMILY = "1,2";
				TEST_TARGET_NAME = Moni;
			};
			name = Debug;
		};
		2D1975A120D86483005512BD /* Release */ = {
			isa = XCBuildConfiguration;
			buildSettings = {
				ALWAYS_EMBED_SWIFT_STANDARD_LIBRARIES = YES;
				CODE_SIGN_STYLE = Automatic;
				DEVELOPMENT_TEAM = 3R7X3B75XU;
				INFOPLIST_FILE = MoniUITests/Info.plist;
				LD_RUNPATH_SEARCH_PATHS = (
					"$(inherited)",
					"@executable_path/Frameworks",
					"@loader_path/Frameworks",
				);
				PRODUCT_BUNDLE_IDENTIFIER = com.devsoul.MoniUITests;
				PRODUCT_NAME = "$(TARGET_NAME)";
				SWIFT_VERSION = 4.0;
				TARGETED_DEVICE_FAMILY = "1,2";
				TEST_TARGET_NAME = Moni;
			};
			name = Release;
		};
/* End XCBuildConfiguration section */

/* Begin XCConfigurationList section */
		2D19756C20D86481005512BD /* Build configuration list for PBXProject "Moni" */ = {
			isa = XCConfigurationList;
			buildConfigurations = (
				2D19759720D86483005512BD /* Debug */,
				2D19759820D86483005512BD /* Release */,
			);
			defaultConfigurationIsVisible = 0;
			defaultConfigurationName = Release;
		};
		2D19759920D86483005512BD /* Build configuration list for PBXNativeTarget "Moni" */ = {
			isa = XCConfigurationList;
			buildConfigurations = (
				2D19759A20D86483005512BD /* Debug */,
				2D19759B20D86483005512BD /* Release */,
			);
			defaultConfigurationIsVisible = 0;
			defaultConfigurationName = Release;
		};
		2D19759C20D86483005512BD /* Build configuration list for PBXNativeTarget "MoniTests" */ = {
			isa = XCConfigurationList;
			buildConfigurations = (
				2D19759D20D86483005512BD /* Debug */,
				2D19759E20D86483005512BD /* Release */,
			);
			defaultConfigurationIsVisible = 0;
			defaultConfigurationName = Release;
		};
		2D19759F20D86483005512BD /* Build configuration list for PBXNativeTarget "MoniUITests" */ = {
			isa = XCConfigurationList;
			buildConfigurations = (
				2D1975A020D86483005512BD /* Debug */,
				2D1975A120D86483005512BD /* Release */,
			);
			defaultConfigurationIsVisible = 0;
			defaultConfigurationName = Release;
		};
/* End XCConfigurationList section */
	};
	rootObject = 2D19756920D86481005512BD /* Project object */;
}
