PODS:
  - CardIO (5.4.1)
  - SnapKit (4.0.0)

DEPENDENCIES:
  - CardIO
  - SnapKit (~> 4.0.0)

SPEC REPOS:
  https://github.com/cocoapods/specs.git:
    - CardIO
    - SnapKit

SPEC CHECKSUMS:
  CardIO: 56983b39b62f495fc6dae9ad7cf875143df06443
  SnapKit: a42d492c16e80209130a3379f73596c3454b7694

PODFILE CHECKSUM: d770da86979a3a7f79f6d7f78add1cf3f9ed1894

COCOAPODS: 1.5.2
