PODS:
  - CardIO (5.4.1)
  - Fabric (1.7.6)
  - ionicons (2.1.1)
  - SnapKit (4.0.0)

DEPENDENCIES:
  - CardIO
  - Fabric
  - ionicons
  - SnapKit (~> 4.0.0)

SPEC REPOS:
  https://github.com/cocoapods/specs.git:
    - CardIO
    - Fabric
    - ionicons
    - SnapKit

SPEC CHECKSUMS:
  CardIO: 56983b39b62f495fc6dae9ad7cf875143df06443
  Fabric: f8d42c893bb187326a7968b62abe55c36a987a46
  ionicons: 630bcd2c2970741c3359e3a35ad544e71d3c086b
  SnapKit: a42d492c16e80209130a3379f73596c3454b7694

PODFILE CHECKSUM: 4080c9dee8f8f059b3ecb53298eba6801f6f3e5d

COCOAPODS: 1.5.2
