PODS:
  - CreditCardForm (0.1.7)
  - Fabric (1.7.6)
  - ionicons (2.1.1)
  - Realm (3.5.0):
    - Realm/Headers (= 3.5.0)
  - Realm/Headers (3.5.0)
  - RealmSwift (3.5.0):
    - Realm (= 3.5.0)
  - SnapKit (4.0.0)
  - Stripe (13.0.0)

DEPENDENCIES:
  - CreditCardForm
  - Fabric
  - ionicons
  - RealmSwift
  - SnapKit (~> 4.0.0)
  - Stripe

SPEC REPOS:
  https://github.com/cocoapods/specs.git:
    - CreditCardForm
    - Fabric
    - ionicons
    - Realm
    - RealmSwift
    - SnapKit
    - Stripe

SPEC CHECKSUMS:
  CreditCardForm: 66f0ce5a12182000a457d56f5630049efd3432df
  Fabric: f8d42c893bb187326a7968b62abe55c36a987a46
  ionicons: 630bcd2c2970741c3359e3a35ad544e71d3c086b
  Realm: 0378021c424e4e2bd6a0e63b27881e929d9b9ad1
  RealmSwift: 3322562622fda2ad596985ead4d8d8be30cf838c
  SnapKit: a42d492c16e80209130a3379f73596c3454b7694
  Stripe: 542f2c4493ce31a99fa041fe4973206e8c868f29

PODFILE CHECKSUM: f219ed69cf4f04c16ecde08cb8aace5cdb74301e

COCOAPODS: 1.5.3
